// !$*UTF8*$!
{
	archiveVersion = 1;
	classes = {
	};
	objectVersion = 55;
	objects = {

/* Begin PBXBuildFile section */
		71BF667C282A5D1E00CDF39E /* AppDelegate.swift in Sources */ = {isa = PBXBuildFile; fileRef = 71BF667B282A5D1E00CDF39E /* AppDelegate.swift */; };
		71BF6685282A5D2100CDF39E /* Assets.xcassets in Resources */ = {isa = PBXBuildFile; fileRef = 71BF6684282A5D2100CDF39E /* Assets.xcassets */; };
		71BF6688282A5D2100CDF39E /* LaunchScreen.storyboard in Resources */ = {isa = PBXBuildFile; fileRef = 71BF6686282A5D2100CDF39E /* LaunchScreen.storyboard */; };
		71BF6690282A5DC200CDF39E /* AppCoordinator.swift in Sources */ = {isa = PBXBuildFile; fileRef = 71BF668F282A5DC200CDF39E /* AppCoordinator.swift */; };
		71BF6693282A5E5600CDF39E /* Coordinator.swift in Sources */ = {isa = PBXBuildFile; fileRef = 71BF6692282A5E5600CDF39E /* Coordinator.swift */; };
		71BF6699282A5ED400CDF39E /* RecordsListCoordinator.swift in Sources */ = {isa = PBXBuildFile; fileRef = 71BF6698282A5ED400CDF39E /* RecordsListCoordinator.swift */; };
		71BF669B282A5F5400CDF39E /* RecordsListViewController.swift in Sources */ = {isa = PBXBuildFile; fileRef = 71BF669A282A5F5400CDF39E /* RecordsListViewController.swift */; };
		71BF669D282A5F7E00CDF39E /* RecordsListViewModel.swift in Sources */ = {isa = PBXBuildFile; fileRef = 71BF669C282A5F7E00CDF39E /* RecordsListViewModel.swift */; };
		71BF66A0282A62E000CDF39E /* InjectionKey.swift in Sources */ = {isa = PBXBuildFile; fileRef = 71BF669F282A62E000CDF39E /* InjectionKey.swift */; };
		71BF66A2282A642300CDF39E /* NetworkingProvider.swift in Sources */ = {isa = PBXBuildFile; fileRef = 71BF66A1282A642300CDF39E /* NetworkingProvider.swift */; };
		71BF66A4282A64BF00CDF39E /* InjectedValues.swift in Sources */ = {isa = PBXBuildFile; fileRef = 71BF66A3282A64BF00CDF39E /* InjectedValues.swift */; };
		71BF66A6282A64FB00CDF39E /* Injected.swift in Sources */ = {isa = PBXBuildFile; fileRef = 71BF66A5282A64FB00CDF39E /* Injected.swift */; };
		71BF66AC282A6BE100CDF39E /* SportResult.swift in Sources */ = {isa = PBXBuildFile; fileRef = 71BF66AB282A6BE100CDF39E /* SportResult.swift */; };
/* End PBXBuildFile section */

/* Begin PBXFileReference section */
		71BF6678282A5D1E00CDF39E /* GreenCodeAssignment.app */ = {isa = PBXFileReference; explicitFileType = wrapper.application; includeInIndex = 0; path = GreenCodeAssignment.app; sourceTree = BUILT_PRODUCTS_DIR; };
		71BF667B282A5D1E00CDF39E /* AppDelegate.swift */ = {isa = PBXFileReference; lastKnownFileType = sourcecode.swift; path = AppDelegate.swift; sourceTree = "<group>"; };
		71BF6684282A5D2100CDF39E /* Assets.xcassets */ = {isa = PBXFileReference; lastKnownFileType = folder.assetcatalog; path = Assets.xcassets; sourceTree = "<group>"; };
		71BF6687282A5D2100CDF39E /* Base */ = {isa = PBXFileReference; lastKnownFileType = file.storyboard; name = Base; path = Base.lproj/LaunchScreen.storyboard; sourceTree = "<group>"; };
		71BF6689282A5D2100CDF39E /* Info.plist */ = {isa = PBXFileReference; lastKnownFileType = text.plist.xml; path = Info.plist; sourceTree = "<group>"; };
		71BF668F282A5DC200CDF39E /* AppCoordinator.swift */ = {isa = PBXFileReference; lastKnownFileType = sourcecode.swift; path = AppCoordinator.swift; sourceTree = "<group>"; };
		71BF6692282A5E5600CDF39E /* Coordinator.swift */ = {isa = PBXFileReference; lastKnownFileType = sourcecode.swift; path = Coordinator.swift; sourceTree = "<group>"; };
		71BF6698282A5ED400CDF39E /* RecordsListCoordinator.swift */ = {isa = PBXFileReference; lastKnownFileType = sourcecode.swift; path = RecordsListCoordinator.swift; sourceTree = "<group>"; };
		71BF669A282A5F5400CDF39E /* RecordsListViewController.swift */ = {isa = PBXFileReference; lastKnownFileType = sourcecode.swift; path = RecordsListViewController.swift; sourceTree = "<group>"; };
		71BF669C282A5F7E00CDF39E /* RecordsListViewModel.swift */ = {isa = PBXFileReference; lastKnownFileType = sourcecode.swift; path = RecordsListViewModel.swift; sourceTree = "<group>"; };
		71BF669F282A62E000CDF39E /* InjectionKey.swift */ = {isa = PBXFileReference; lastKnownFileType = sourcecode.swift; path = InjectionKey.swift; sourceTree = "<group>"; };
		71BF66A1282A642300CDF39E /* NetworkingProvider.swift */ = {isa = PBXFileReference; lastKnownFileType = sourcecode.swift; path = NetworkingProvider.swift; sourceTree = "<group>"; };
		71BF66A3282A64BF00CDF39E /* InjectedValues.swift */ = {isa = PBXFileReference; lastKnownFileType = sourcecode.swift; path = InjectedValues.swift; sourceTree = "<group>"; };
		71BF66A5282A64FB00CDF39E /* Injected.swift */ = {isa = PBXFileReference; lastKnownFileType = sourcecode.swift; path = Injected.swift; sourceTree = "<group>"; };
		71BF66AB282A6BE100CDF39E /* SportResult.swift */ = {isa = PBXFileReference; lastKnownFileType = sourcecode.swift; path = SportResult.swift; sourceTree = "<group>"; };
/* End PBXFileReference section */

/* Begin PBXFrameworksBuildPhase section */
		71BF6675282A5D1E00CDF39E /* Frameworks */ = {
			isa = PBXFrameworksBuildPhase;
			buildActionMask = 2147483647;
			files = (
			);
			runOnlyForDeploymentPostprocessing = 0;
		};
/* End PBXFrameworksBuildPhase section */

/* Begin PBXGroup section */
		71BF666F282A5D1E00CDF39E = {
			isa = PBXGroup;
			children = (
				71BF667A282A5D1E00CDF39E /* GreenCodeAssignment */,
				71BF6679282A5D1E00CDF39E /* Products */,
			);
			sourceTree = "<group>";
		};
		71BF6679282A5D1E00CDF39E /* Products */ = {
			isa = PBXGroup;
			children = (
				71BF6678282A5D1E00CDF39E /* GreenCodeAssignment.app */,
			);
			name = Products;
			sourceTree = "<group>";
		};
		71BF667A282A5D1E00CDF39E /* GreenCodeAssignment */ = {
			isa = PBXGroup;
			children = (
				71BF667B282A5D1E00CDF39E /* AppDelegate.swift */,
				71BF668F282A5DC200CDF39E /* AppCoordinator.swift */,
				71BF66AA282A6B9E00CDF39E /* Model */,
				71BF6694282A5E7800CDF39E /* Scenes */,
				71BF66A9282A675000CDF39E /* Service */,
				71BF66A3282A64BF00CDF39E /* InjectedValues.swift */,
				71BF6691282A5E3F00CDF39E /* Architecture */,
				71BF6684282A5D2100CDF39E /* Assets.xcassets */,
				71BF6686282A5D2100CDF39E /* LaunchScreen.storyboard */,
				71BF6689282A5D2100CDF39E /* Info.plist */,
			);
			path = GreenCodeAssignment;
			sourceTree = "<group>";
		};
		71BF6691282A5E3F00CDF39E /* Architecture */ = {
			isa = PBXGroup;
			children = (
				71BF669F282A62E000CDF39E /* InjectionKey.swift */,
				71BF66A5282A64FB00CDF39E /* Injected.swift */,
				71BF6692282A5E5600CDF39E /* Coordinator.swift */,
			);
			path = Architecture;
			sourceTree = "<group>";
		};
		71BF6694282A5E7800CDF39E /* Scenes */ = {
			isa = PBXGroup;
			children = (
				71BF6697282A5EAD00CDF39E /* RecordsList */,
			);
			path = Scenes;
			sourceTree = "<group>";
		};
		71BF6697282A5EAD00CDF39E /* RecordsList */ = {
			isa = PBXGroup;
			children = (
				71BF6698282A5ED400CDF39E /* RecordsListCoordinator.swift */,
				71BF669A282A5F5400CDF39E /* RecordsListViewController.swift */,
				71BF669C282A5F7E00CDF39E /* RecordsListViewModel.swift */,
			);
			path = RecordsList;
			sourceTree = "<group>";
		};
		71BF66A9282A675000CDF39E /* Service */ = {
			isa = PBXGroup;
			children = (
				71BF66A1282A642300CDF39E /* NetworkingProvider.swift */,
			);
			path = Service;
			sourceTree = "<group>";
		};
		71BF66AA282A6B9E00CDF39E /* Model */ = {
			isa = PBXGroup;
			children = (
				71BF66AB282A6BE100CDF39E /* SportResult.swift */,
			);
			path = Model;
			sourceTree = "<group>";
		};
/* End PBXGroup section */

/* Begin PBXNativeTarget section */
		71BF6677282A5D1E00CDF39E /* GreenCodeAssignment */ = {
			isa = PBXNativeTarget;
			buildConfigurationList = 71BF668C282A5D2100CDF39E /* Build configuration list for PBXNativeTarget "GreenCodeAssignment" */;
			buildPhases = (
				71BF6674282A5D1E00CDF39E /* Sources */,
				71BF6675282A5D1E00CDF39E /* Frameworks */,
				71BF6676282A5D1E00CDF39E /* Resources */,
			);
			buildRules = (
			);
			dependencies = (
			);
			name = GreenCodeAssignment;
			productName = GreenCodeAssignment;
			productReference = 71BF6678282A5D1E00CDF39E /* GreenCodeAssignment.app */;
			productType = "com.apple.product-type.application";
		};
/* End PBXNativeTarget section */

/* Begin PBXProject section */
		71BF6670282A5D1E00CDF39E /* Project object */ = {
			isa = PBXProject;
			attributes = {
				BuildIndependentTargetsInParallel = 1;
				LastSwiftUpdateCheck = 1330;
				LastUpgradeCheck = 1330;
				TargetAttributes = {
					71BF6677282A5D1E00CDF39E = {
						CreatedOnToolsVersion = 13.3.1;
					};
				};
			};
			buildConfigurationList = 71BF6673282A5D1E00CDF39E /* Build configuration list for PBXProject "GreenCodeAssignment" */;
			compatibilityVersion = "Xcode 13.0";
			developmentRegion = en;
			hasScannedForEncodings = 0;
			knownRegions = (
				en,
				Base,
			);
			mainGroup = 71BF666F282A5D1E00CDF39E;
			productRefGroup = 71BF6679282A5D1E00CDF39E /* Products */;
			projectDirPath = "";
			projectRoot = "";
			targets = (
				71BF6677282A5D1E00CDF39E /* GreenCodeAssignment */,
			);
		};
/* End PBXProject section */

/* Begin PBXResourcesBuildPhase section */
		71BF6676282A5D1E00CDF39E /* Resources */ = {
			isa = PBXResourcesBuildPhase;
			buildActionMask = 2147483647;
			files = (
				71BF6688282A5D2100CDF39E /* LaunchScreen.storyboard in Resources */,
				71BF6685282A5D2100CDF39E /* Assets.xcassets in Resources */,
			);
			runOnlyForDeploymentPostprocessing = 0;
		};
/* End PBXResourcesBuildPhase section */

/* Begin PBXSourcesBuildPhase section */
		71BF6674282A5D1E00CDF39E /* Sources */ = {
			isa = PBXSourcesBuildPhase;
			buildActionMask = 2147483647;
			files = (
				71BF6693282A5E5600CDF39E /* Coordinator.swift in Sources */,
				71BF6690282A5DC200CDF39E /* AppCoordinator.swift in Sources */,
				71BF669B282A5F5400CDF39E /* RecordsListViewController.swift in Sources */,
				71BF66A4282A64BF00CDF39E /* InjectedValues.swift in Sources */,
				71BF669D282A5F7E00CDF39E /* RecordsListViewModel.swift in Sources */,
				71BF66A6282A64FB00CDF39E /* Injected.swift in Sources */,
				71BF66A0282A62E000CDF39E /* InjectionKey.swift in Sources */,
				71BF667C282A5D1E00CDF39E /* AppDelegate.swift in Sources */,
				71BF66A2282A642300CDF39E /* NetworkingProvider.swift in Sources */,
				71BF6699282A5ED400CDF39E /* RecordsListCoordinator.swift in Sources */,
				71BF66AC282A6BE100CDF39E /* SportResult.swift in Sources */,
			);
			runOnlyForDeploymentPostprocessing = 0;
		};
/* End PBXSourcesBuildPhase section */

/* Begin PBXVariantGroup section */
		71BF6686282A5D2100CDF39E /* LaunchScreen.storyboard */ = {
			isa = PBXVariantGroup;
			children = (
				71BF6687282A5D2100CDF39E /* Base */,
			);
			name = LaunchScreen.storyboard;
			sourceTree = "<group>";
		};
/* End PBXVariantGroup section */

/* Begin XCBuildConfiguration section */
		71BF668A282A5D2100CDF39E /* Debug */ = {
			isa = XCBuildConfiguration;
			buildSettings = {
				ALWAYS_SEARCH_USER_PATHS = NO;
				CLANG_ANALYZER_NONNULL = YES;
				CLANG_ANALYZER_NUMBER_OBJECT_CONVERSION = YES_AGGRESSIVE;
				CLANG_CXX_LANGUAGE_STANDARD = "gnu++17";
				CLANG_ENABLE_MODULES = YES;
				CLANG_ENABLE_OBJC_ARC = YES;
				CLANG_ENABLE_OBJC_WEAK = YES;
				CLANG_WARN_BLOCK_CAPTURE_AUTORELEASING = YES;
				CLANG_WARN_BOOL_CONVERSION = YES;
				CLANG_WARN_COMMA = YES;
				CLANG_WARN_CONSTANT_CONVERSION = YES;
				CLANG_WARN_DEPRECATED_OBJC_IMPLEMENTATIONS = YES;
				CLANG_WARN_DIRECT_OBJC_ISA_USAGE = YES_ERROR;
				CLANG_WARN_DOCUMENTATION_COMMENTS = YES;
				CLANG_WARN_EMPTY_BODY = YES;
				CLANG_WARN_ENUM_CONVERSION = YES;
				CLANG_WARN_INFINITE_RECURSION = YES;
				CLANG_WARN_INT_CONVERSION = YES;
				CLANG_WARN_NON_LITERAL_NULL_CONVERSION = YES;
				CLANG_WARN_OBJC_IMPLICIT_RETAIN_SELF = YES;
				CLANG_WARN_OBJC_LITERAL_CONVERSION = YES;
				CLANG_WARN_OBJC_ROOT_CLASS = YES_ERROR;
				CLANG_WARN_QUOTED_INCLUDE_IN_FRAMEWORK_HEADER = YES;
				CLANG_WARN_RANGE_LOOP_ANALYSIS = YES;
				CLANG_WARN_STRICT_PROTOTYPES = YES;
				CLANG_WARN_SUSPICIOUS_MOVE = YES;
				CLANG_WARN_UNGUARDED_AVAILABILITY = YES_AGGRESSIVE;
				CLANG_WARN_UNREACHABLE_CODE = YES;
				CLANG_WARN__DUPLICATE_METHOD_MATCH = YES;
				COPY_PHASE_STRIP = NO;
				DEBUG_INFORMATION_FORMAT = dwarf;
				ENABLE_STRICT_OBJC_MSGSEND = YES;
				ENABLE_TESTABILITY = YES;
				GCC_C_LANGUAGE_STANDARD = gnu11;
				GCC_DYNAMIC_NO_PIC = NO;
				GCC_NO_COMMON_BLOCKS = YES;
				GCC_OPTIMIZATION_LEVEL = 0;
				GCC_PREPROCESSOR_DEFINITIONS = (
					"DEBUG=1",
					"$(inherited)",
				);
				GCC_WARN_64_TO_32_BIT_CONVERSION = YES;
				GCC_WARN_ABOUT_RETURN_TYPE = YES_ERROR;
				GCC_WARN_UNDECLARED_SELECTOR = YES;
				GCC_WARN_UNINITIALIZED_AUTOS = YES_AGGRESSIVE;
				GCC_WARN_UNUSED_FUNCTION = YES;
				GCC_WARN_UNUSED_VARIABLE = YES;
				IPHONEOS_DEPLOYMENT_TARGET = 13.0;
				MTL_ENABLE_DEBUG_INFO = INCLUDE_SOURCE;
				MTL_FAST_MATH = YES;
				ONLY_ACTIVE_ARCH = YES;
				SDKROOT = iphoneos;
				SWIFT_ACTIVE_COMPILATION_CONDITIONS = DEBUG;
				SWIFT_OPTIMIZATION_LEVEL = "-Onone";
			};
			name = Debug;
		};
		71BF668B282A5D2100CDF39E /* Release */ = {
			isa = XCBuildConfiguration;
			buildSettings = {
				ALWAYS_SEARCH_USER_PATHS = NO;
				CLANG_ANALYZER_NONNULL = YES;
				CLANG_ANALYZER_NUMBER_OBJECT_CONVERSION = YES_AGGRESSIVE;
				CLANG_CXX_LANGUAGE_STANDARD = "gnu++17";
				CLANG_ENABLE_MODULES = YES;
				CLANG_ENABLE_OBJC_ARC = YES;
				CLANG_ENABLE_OBJC_WEAK = YES;
				CLANG_WARN_BLOCK_CAPTURE_AUTORELEASING = YES;
				CLANG_WARN_BOOL_CONVERSION = YES;
				CLANG_WARN_COMMA = YES;
				CLANG_WARN_CONSTANT_CONVERSION = YES;
				CLANG_WARN_DEPRECATED_OBJC_IMPLEMENTATIONS = YES;
				CLANG_WARN_DIRECT_OBJC_ISA_USAGE = YES_ERROR;
				CLANG_WARN_DOCUMENTATION_COMMENTS = YES;
				CLANG_WARN_EMPTY_BODY = YES;
				CLANG_WARN_ENUM_CONVERSION = YES;
				CLANG_WARN_INFINITE_RECURSION = YES;
				CLANG_WARN_INT_CONVERSION = YES;
				CLANG_WARN_NON_LITERAL_NULL_CONVERSION = YES;
				CLANG_WARN_OBJC_IMPLICIT_RETAIN_SELF = YES;
				CLANG_WARN_OBJC_LITERAL_CONVERSION = YES;
				CLANG_WARN_OBJC_ROOT_CLASS = YES_ERROR;
				CLANG_WARN_QUOTED_INCLUDE_IN_FRAMEWORK_HEADER = YES;
				CLANG_WARN_RANGE_LOOP_ANALYSIS = YES;
				CLANG_WARN_STRICT_PROTOTYPES = YES;
				CLANG_WARN_SUSPICIOUS_MOVE = YES;
				CLANG_WARN_UNGUARDED_AVAILABILITY = YES_AGGRESSIVE;
				CLANG_WARN_UNREACHABLE_CODE = YES;
				CLANG_WARN__DUPLICATE_METHOD_MATCH = YES;
				COPY_PHASE_STRIP = NO;
				DEBUG_INFORMATION_FORMAT = "dwarf-with-dsym";
				ENABLE_NS_ASSERTIONS = NO;
				ENABLE_STRICT_OBJC_MSGSEND = YES;
				GCC_C_LANGUAGE_STANDARD = gnu11;
				GCC_NO_COMMON_BLOCKS = YES;
				GCC_WARN_64_TO_32_BIT_CONVERSION = YES;
				GCC_WARN_ABOUT_RETURN_TYPE = YES_ERROR;
				GCC_WARN_UNDECLARED_SELECTOR = YES;
				GCC_WARN_UNINITIALIZED_AUTOS = YES_AGGRESSIVE;
				GCC_WARN_UNUSED_FUNCTION = YES;
				GCC_WARN_UNUSED_VARIABLE = YES;
				IPHONEOS_DEPLOYMENT_TARGET = 13.0;
				MTL_ENABLE_DEBUG_INFO = NO;
				MTL_FAST_MATH = YES;
				SDKROOT = iphoneos;
				SWIFT_COMPILATION_MODE = wholemodule;
				SWIFT_OPTIMIZATION_LEVEL = "-O";
				VALIDATE_PRODUCT = YES;
			};
			name = Release;
		};
		71BF668D282A5D2100CDF39E /* Debug */ = {
			isa = XCBuildConfiguration;
			buildSettings = {
				ASSETCATALOG_COMPILER_APPICON_NAME = AppIcon;
				ASSETCATALOG_COMPILER_GLOBAL_ACCENT_COLOR_NAME = AccentColor;
				CODE_SIGN_STYLE = Automatic;
				CURRENT_PROJECT_VERSION = 1;
				DEVELOPMENT_TEAM = 4VF4FEXU8X;
				GENERATE_INFOPLIST_FILE = YES;
				INFOPLIST_FILE = GreenCodeAssignment/Info.plist;
				INFOPLIST_KEY_UIApplicationSupportsIndirectInputEvents = YES;
				INFOPLIST_KEY_UILaunchStoryboardName = LaunchScreen;
				INFOPLIST_KEY_UIMainStoryboardFile = "";
				INFOPLIST_KEY_UISupportedInterfaceOrientations_iPad = "UIInterfaceOrientationPortrait UIInterfaceOrientationPortraitUpsideDown UIInterfaceOrientationLandscapeLeft UIInterfaceOrientationLandscapeRight";
				INFOPLIST_KEY_UISupportedInterfaceOrientations_iPhone = "UIInterfaceOrientationPortrait UIInterfaceOrientationLandscapeLeft UIInterfaceOrientationLandscapeRight";
				LD_RUNPATH_SEARCH_PATHS = (
					"$(inherited)",
					"@executable_path/Frameworks",
				);
				MARKETING_VERSION = 1.0;
				PRODUCT_BUNDLE_IDENTIFIER = com.michalsimik.GreenCodeAssignment;
				PRODUCT_NAME = "$(TARGET_NAME)";
				SWIFT_EMIT_LOC_STRINGS = YES;
				SWIFT_VERSION = 5.0;
				TARGETED_DEVICE_FAMILY = "1,2";
			};
			name = Debug;
		};
		71BF668E282A5D2100CDF39E /* Release */ = {
			isa = XCBuildConfiguration;
			buildSettings = {
				ASSETCATALOG_COMPILER_APPICON_NAME = AppIcon;
				ASSETCATALOG_COMPILER_GLOBAL_ACCENT_COLOR_NAME = AccentColor;
				CODE_SIGN_STYLE = Automatic;
				CURRENT_PROJECT_VERSION = 1;
				DEVELOPMENT_TEAM = 4VF4FEXU8X;
				GENERATE_INFOPLIST_FILE = YES;
				INFOPLIST_FILE = GreenCodeAssignment/Info.plist;
				INFOPLIST_KEY_UIApplicationSupportsIndirectInputEvents = YES;
				INFOPLIST_KEY_UILaunchStoryboardName = LaunchScreen;
				INFOPLIST_KEY_UIMainStoryboardFile = "";
				INFOPLIST_KEY_UISupportedInterfaceOrientations_iPad = "UIInterfaceOrientationPortrait UIInterfaceOrientationPortraitUpsideDown UIInterfaceOrientationLandscapeLeft UIInterfaceOrientationLandscapeRight";
				INFOPLIST_KEY_UISupportedInterfaceOrientations_iPhone = "UIInterfaceOrientationPortrait UIInterfaceOrientationLandscapeLeft UIInterfaceOrientationLandscapeRight";
				LD_RUNPATH_SEARCH_PATHS = (
					"$(inherited)",
					"@executable_path/Frameworks",
				);
				MARKETING_VERSION = 1.0;
				PRODUCT_BUNDLE_IDENTIFIER = com.michalsimik.GreenCodeAssignment;
				PRODUCT_NAME = "$(TARGET_NAME)";
				SWIFT_EMIT_LOC_STRINGS = YES;
				SWIFT_VERSION = 5.0;
				TARGETED_DEVICE_FAMILY = "1,2";
			};
			name = Release;
		};
/* End XCBuildConfiguration section */

/* Begin XCConfigurationList section */
		71BF6673282A5D1E00CDF39E /* Build configuration list for PBXProject "GreenCodeAssignment" */ = {
			isa = XCConfigurationList;
			buildConfigurations = (
				71BF668A282A5D2100CDF39E /* Debug */,
				71BF668B282A5D2100CDF39E /* Release */,
			);
			defaultConfigurationIsVisible = 0;
			defaultConfigurationName = Release;
		};
		71BF668C282A5D2100CDF39E /* Build configuration list for PBXNativeTarget "GreenCodeAssignment" */ = {
			isa = XCConfigurationList;
			buildConfigurations = (
				71BF668D282A5D2100CDF39E /* Debug */,
				71BF668E282A5D2100CDF39E /* Release */,
			);
			defaultConfigurationIsVisible = 0;
			defaultConfigurationName = Release;
		};
/* End XCConfigurationList section */
	};
	rootObject = 71BF6670282A5D1E00CDF39E /* Project object */;
}
